
Microsoft Visual Studio Solution File, Format Version 12.00
# Visual Studio Version 17
VisualStudioVersion = 17.5.002.0
MinimumVisualStudioVersion = 10.0.40219.1
Project("{9A19103F-16F7-4668-BE54-9A1E7A4F7556}") = "InitiativeTrackerFrontend", "InitiativeTrackerFrontend.csproj", "{CDBC3FD5-3CB8-439C-9AD3-39BAA1CC1113}"
EndProject
Project("{FAE04EC0-301F-11D3-BF4B-00C04F79EFBC}") = "InitiativeTrackerBackend", "InitiativeTrackerBackend\InitiativeTrackerBackend.csproj", "{3FB62EB3-D80E-4572-90DF-C6972ED18BD4}"
EndProject
Global
	GlobalSection(SolutionConfigurationPlatforms) = preSolution
		Debug|Any CPU = Debug|Any CPU
		Release|Any CPU = Release|Any CPU
	EndGlobalSection
	GlobalSection(ProjectConfigurationPlatforms) = postSolution
		{CDBC3FD5-3CB8-439C-9AD3-39BAA1CC1113}.Debug|Any CPU.ActiveCfg = Debug|Any CPU
		{CDBC3FD5-3CB8-439C-9AD3-39BAA1CC1113}.Debug|Any CPU.Build.0 = Debug|Any CPU
		{CDBC3FD5-3CB8-439C-9AD3-39BAA1CC1113}.Release|Any CPU.ActiveCfg = Release|Any CPU
		{CDBC3FD5-3CB8-439C-9AD3-39BAA1CC1113}.Release|Any CPU.Build.0 = Release|Any CPU
		{3FB62EB3-D80E-4572-90DF-C6972ED18BD4}.Debug|Any CPU.ActiveCfg = Debug|Any CPU
		{3FB62EB3-D80E-4572-90DF-C6972ED18BD4}.Debug|Any CPU.Build.0 = Debug|Any CPU
		{3FB62EB3-D80E-4572-90DF-C6972ED18BD4}.Release|Any CPU.ActiveCfg = Release|Any CPU
		{3FB62EB3-D80E-4572-90DF-C6972ED18BD4}.Release|Any CPU.Build.0 = Release|Any CPU
	EndGlobalSection
	GlobalSection(SolutionProperties) = preSolution
		HideSolutionNode = FALSE
	EndGlobalSection
	GlobalSection(ExtensibilityGlobals) = postSolution
		SolutionGuid = {409EA86F-0855-4249-A89A-3931E8519E0A}
	EndGlobalSection
EndGlobal
